{
  "requires": true,
  "lockfileVersion": 1,
  "dependencies": {
    "chocolat": {
      "version": "1.1.0",
      "resolved": "https://registry.npmjs.org/chocolat/-/chocolat-1.1.0.tgz",
      "integrity": "sha512-xRYw//QOTVhFoHl0u/disBMMHJW/LT6FCUSW0NpTXVUe9PtTRMpbW06b35mOKSI6pZAkXLth4IQU/Q2CYETJ/w==",
      "requires": {
        "core-js": "^3.18.3",
        "es6-promise": "^4.2.5"
      }
    },
    "core-js": {
      "version": "3.25.2",
      "resolved": "https://registry.npmjs.org/core-js/-/core-js-3.25.2.tgz",
      "integrity": "sha512-YB4IAT1bjEfxTJ1XYy11hJAKskO+qmhuDBM8/guIfMz4JvdsAQAqvyb97zXX7JgSrfPLG5mRGFWJwJD39ruq2A=="
    },
    "es6-promise": {
      "version": "4.2.8",
      "resolved": "https://registry.npmjs.org/es6-promise/-/es6-promise-4.2.8.tgz",
      "integrity": "sha512-HJDGx5daxeIvxdBxvG2cb9g4tEvwIk3i8+nhX0yGrYmZUzbkdg8QbDevheDB8gd0//uPj4c1EQua8Q+MViT0/w=="
    }
  }
}
